Microsoft Visual Studio Solution File, Format Version 12.00
# Visual Studio 2012
Project("{FAE04EC0-301F-11D3-BF4B-00C04F79EFBC}") = "RulerGame.Game", "RulerGame.Game.csproj", "{8B2B2A6C-41CD-4DB7-9BBE-A1C2FB4EA7FD}"
EndProject
Global
	GlobalSection(SolutionConfigurationPlatforms) = preSolution
	Debug|Any CPU = Debug|Any CPU
	ExportDebug|Any CPU = ExportDebug|Any CPU
	ExportRelease|Any CPU = ExportRelease|Any CPU
	EndGlobalSection
	GlobalSection(ProjectConfigurationPlatforms) = postSolution
		{8B2B2A6C-41CD-4DB7-9BBE-A1C2FB4EA7FD}.Debug|Any CPU.ActiveCfg = Debug|Any CPU
		{8B2B2A6C-41CD-4DB7-9BBE-A1C2FB4EA7FD}.Debug|Any CPU.Build.0 = Debug|Any CPU
		{8B2B2A6C-41CD-4DB7-9BBE-A1C2FB4EA7FD}.ExportDebug|Any CPU.ActiveCfg = ExportDebug|Any CPU
		{8B2B2A6C-41CD-4DB7-9BBE-A1C2FB4EA7FD}.ExportDebug|Any CPU.Build.0 = ExportDebug|Any CPU
		{8B2B2A6C-41CD-4DB7-9BBE-A1C2FB4EA7FD}.ExportRelease|Any CPU.ActiveCfg = ExportRelease|Any CPU
		{8B2B2A6C-41CD-4DB7-9BBE-A1C2FB4EA7FD}.ExportRelease|Any CPU.Build.0 = ExportRelease|Any CPU
	EndGlobalSection
EndGlobal
